
Microsoft Visual Studio Solution File, Format Version 12.00
# Visual Studio Version 16
VisualStudioVersion = 16.0.28729.10
MinimumVisualStudioVersion = 10.0.40219.1
Project("{FAE04EC0-301F-11D3-BF4B-00C04F79EFBC}") = "Simple Crud App", "Simple Crud App.csproj", "{73AEEE5C-74BC-4D51-A3FD-C89E86EE0522}"
EndProject
Global
	GlobalSection(SolutionConfigurationPlatforms) = preSolution
		Debug|Any CPU = Debug|Any CPU
		Release|Any CPU = Release|Any CPU
	EndGlobalSection
	GlobalSection(ProjectConfigurationPlatforms) = postSolution
		{73AEEE5C-74BC-4D51-A3FD-C89E86EE0522}.Debug|Any CPU.ActiveCfg = Debug|Any CPU
		{73AEEE5C-74BC-4D51-A3FD-C89E86EE0522}.Debug|Any CPU.Build.0 = Debug|Any CPU
		{73AEEE5C-74BC-4D51-A3FD-C89E86EE0522}.Release|Any CPU.ActiveCfg = Release|Any CPU
		{73AEEE5C-74BC-4D51-A3FD-C89E86EE0522}.Release|Any CPU.Build.0 = Release|Any CPU
	EndGlobalSection
	GlobalSection(SolutionProperties) = preSolution
		HideSolutionNode = FALSE
	EndGlobalSection
	GlobalSection(ExtensibilityGlobals) = postSolution
		SolutionGuid = {C7E14A67-41A1-4CED-8DCD-8CF1EE7B07C2}
	EndGlobalSection
EndGlobal
